// !$*UTF8*$!
{
	archiveVersion = 1;
	classes = {
	};
	objectVersion = 56;
	objects = {

/* Begin PBXBuildFile section */
		9ADBC5162C1FF7CC00105A4F /* react_native_ios_sdk.docc in Sources */ = {isa = PBXBuildFile; fileRef = 9ADBC5152C1FF7CC00105A4F /* react_native_ios_sdk.docc */; };
		9ADBC51C2C1FF7CC00105A4F /* react_native_ios_sdk.framework in Frameworks */ = {isa = PBXBuildFile; fileRef = 9ADBC5112C1FF7CC00105A4F /* react_native_ios_sdk.framework */; };
		9ADBC5212C1FF7CC00105A4F /* react_native_ios_sdkTests.swift in Sources */ = {isa = PBXBuildFile; fileRef = 9ADBC5202C1FF7CC00105A4F /* react_native_ios_sdkTests.swift */; };
		9ADBC5222C1FF7CC00105A4F /* react_native_ios_sdk.h in Headers */ = {isa = PBXBuildFile; fileRef = 9ADBC5142C1FF7CC00105A4F /* react_native_ios_sdk.h */; settings = {ATTRIBUTES = (Public, ); }; };
		9ADBC52C2C200B9800105A4F /* ReactNativeSDKClient.swift in Sources */ = {isa = PBXBuildFile; fileRef = 9ADBC52B2C200B9800105A4F /* ReactNativeSDKClient.swift */; };
		9BF2D5D784A9DE97881F93C4 /* libPods-react-native-ios-sdk-react-native-ios-sdkTests.a in Frameworks */ = {isa = PBXBuildFile; fileRef = 19BC2342D9CE4D17067D6B8F /* libPods-react-native-ios-sdk-react-native-ios-sdkTests.a */; };
		B106FB70D50FDBD344B01E80 /* libPods-react-native-ios-sdk.a in Frameworks */ = {isa = PBXBuildFile; fileRef = A2622F87D6718083548F89B4 /* libPods-react-native-ios-sdk.a */; };
/* End PBXBuildFile section */

/* Begin PBXContainerItemProxy section */
		9ADBC51D2C1FF7CC00105A4F /* PBXContainerItemProxy */ = {
			isa = PBXContainerItemProxy;
			containerPortal = 9ADBC5082C1FF7CC00105A4F /* Project object */;
			proxyType = 1;
			remoteGlobalIDString = 9ADBC5102C1FF7CC00105A4F;
			remoteInfo = "react-native-ios-sdk";
		};
/* End PBXContainerItemProxy section */

/* Begin PBXFileReference section */
		0DAFE8C7CD400D77854077DB /* Pods-react-native-ios-sdk-react-native-ios-sdkTests.debug.xcconfig */ = {isa = PBXFileReference; includeInIndex = 1; lastKnownFileType = text.xcconfig; name = "Pods-react-native-ios-sdk-react-native-ios-sdkTests.debug.xcconfig"; path = "Target Support Files/Pods-react-native-ios-sdk-react-native-ios-sdkTests/Pods-react-native-ios-sdk-react-native-ios-sdkTests.debug.xcconfig"; sourceTree = "<group>"; };
		19BC2342D9CE4D17067D6B8F /* libPods-react-native-ios-sdk-react-native-ios-sdkTests.a */ = {isa = PBXFileReference; explicitFileType = archive.ar; includeInIndex = 0; path = "libPods-react-native-ios-sdk-react-native-ios-sdkTests.a"; sourceTree = BUILT_PRODUCTS_DIR; };
		8A95CDC5E14AF9DE97155628 /* Pods-react-native-ios-sdk.debug.xcconfig */ = {isa = PBXFileReference; includeInIndex = 1; lastKnownFileType = text.xcconfig; name = "Pods-react-native-ios-sdk.debug.xcconfig"; path = "Target Support Files/Pods-react-native-ios-sdk/Pods-react-native-ios-sdk.debug.xcconfig"; sourceTree = "<group>"; };
		9ADBC5112C1FF7CC00105A4F /* react_native_ios_sdk.framework */ = {isa = PBXFileReference; explicitFileType = wrapper.framework; includeInIndex = 0; path = react_native_ios_sdk.framework; sourceTree = BUILT_PRODUCTS_DIR; };
		9ADBC5142C1FF7CC00105A4F /* react_native_ios_sdk.h */ = {isa = PBXFileReference; lastKnownFileType = sourcecode.c.h; path = react_native_ios_sdk.h; sourceTree = "<group>"; };
		9ADBC5152C1FF7CC00105A4F /* react_native_ios_sdk.docc */ = {isa = PBXFileReference; lastKnownFileType = folder.documentationcatalog; path = react_native_ios_sdk.docc; sourceTree = "<group>"; };
		9ADBC51B2C1FF7CC00105A4F /* react-native-ios-sdkTests.xctest */ = {isa = PBXFileReference; explicitFileType = wrapper.cfbundle; includeInIndex = 0; path = "react-native-ios-sdkTests.xctest"; sourceTree = BUILT_PRODUCTS_DIR; };
		9ADBC5202C1FF7CC00105A4F /* react_native_ios_sdkTests.swift */ = {isa = PBXFileReference; lastKnownFileType = sourcecode.swift; path = react_native_ios_sdkTests.swift; sourceTree = "<group>"; };
		9ADBC52B2C200B9800105A4F /* ReactNativeSDKClient.swift */ = {isa = PBXFileReference; lastKnownFileType = sourcecode.swift; path = ReactNativeSDKClient.swift; sourceTree = "<group>"; };
		A2622F87D6718083548F89B4 /* libPods-react-native-ios-sdk.a */ = {isa = PBXFileReference; explicitFileType = archive.ar; includeInIndex = 0; path = "libPods-react-native-ios-sdk.a"; sourceTree = BUILT_PRODUCTS_DIR; };
		AF4F66F1D79A0B0095545440 /* Pods-react-native-ios-sdk-react-native-ios-sdkTests.release.xcconfig */ = {isa = PBXFileReference; includeInIndex = 1; lastKnownFileType = text.xcconfig; name = "Pods-react-native-ios-sdk-react-native-ios-sdkTests.release.xcconfig"; path = "Target Support Files/Pods-react-native-ios-sdk-react-native-ios-sdkTests/Pods-react-native-ios-sdk-react-native-ios-sdkTests.release.xcconfig"; sourceTree = "<group>"; };
		C9B61FC07565285E85D4BC18 /* Pods-react-native-ios-sdk.release.xcconfig */ = {isa = PBXFileReference; includeInIndex = 1; lastKnownFileType = text.xcconfig; name = "Pods-react-native-ios-sdk.release.xcconfig"; path = "Target Support Files/Pods-react-native-ios-sdk/Pods-react-native-ios-sdk.release.xcconfig"; sourceTree = "<group>"; };
/* End PBXFileReference section */

/* Begin PBXFrameworksBuildPhase section */
		9ADBC50E2C1FF7CC00105A4F /* Frameworks */ = {
			isa = PBXFrameworksBuildPhase;
			buildActionMask = 2147483647;
			files = (
				B106FB70D50FDBD344B01E80 /* libPods-react-native-ios-sdk.a in Frameworks */,
			);
			runOnlyForDeploymentPostprocessing = 0;
		};
		9ADBC5182C1FF7CC00105A4F /* Frameworks */ = {
			isa = PBXFrameworksBuildPhase;
			buildActionMask = 2147483647;
			files = (
				9ADBC51C2C1FF7CC00105A4F /* react_native_ios_sdk.framework in Frameworks */,
				9BF2D5D784A9DE97881F93C4 /* libPods-react-native-ios-sdk-react-native-ios-sdkTests.a in Frameworks */,
			);
			runOnlyForDeploymentPostprocessing = 0;
		};
/* End PBXFrameworksBuildPhase section */

/* Begin PBXGroup section */
		47E72F351F9C200099F974FD /* Pods */ = {
			isa = PBXGroup;
			children = (
				8A95CDC5E14AF9DE97155628 /* Pods-react-native-ios-sdk.debug.xcconfig */,
				C9B61FC07565285E85D4BC18 /* Pods-react-native-ios-sdk.release.xcconfig */,
				0DAFE8C7CD400D77854077DB /* Pods-react-native-ios-sdk-react-native-ios-sdkTests.debug.xcconfig */,
				AF4F66F1D79A0B0095545440 /* Pods-react-native-ios-sdk-react-native-ios-sdkTests.release.xcconfig */,
			);
			path = Pods;
			sourceTree = "<group>";
		};
		8200FCEEAA59F07909DBDBBD /* Frameworks */ = {
			isa = PBXGroup;
			children = (
				A2622F87D6718083548F89B4 /* libPods-react-native-ios-sdk.a */,
				19BC2342D9CE4D17067D6B8F /* libPods-react-native-ios-sdk-react-native-ios-sdkTests.a */,
			);
			name = Frameworks;
			sourceTree = "<group>";
		};
		9ADBC5072C1FF7CC00105A4F = {
			isa = PBXGroup;
			children = (
				9ADBC5132C1FF7CC00105A4F /* react-native-ios-sdk */,
				9ADBC51F2C1FF7CC00105A4F /* react-native-ios-sdkTests */,
				9ADBC5122C1FF7CC00105A4F /* Products */,
				47E72F351F9C200099F974FD /* Pods */,
				8200FCEEAA59F07909DBDBBD /* Frameworks */,
			);
			sourceTree = "<group>";
		};
		9ADBC5122C1FF7CC00105A4F /* Products */ = {
			isa = PBXGroup;
			children = (
				9ADBC5112C1FF7CC00105A4F /* react_native_ios_sdk.framework */,
				9ADBC51B2C1FF7CC00105A4F /* react-native-ios-sdkTests.xctest */,
			);
			name = Products;
			sourceTree = "<group>";
		};
		9ADBC5132C1FF7CC00105A4F /* react-native-ios-sdk */ = {
			isa = PBXGroup;
			children = (
				9ADBC5142C1FF7CC00105A4F /* react_native_ios_sdk.h */,
				9ADBC5152C1FF7CC00105A4F /* react_native_ios_sdk.docc */,
				9ADBC52B2C200B9800105A4F /* ReactNativeSDKClient.swift */,
			);
			path = "react-native-ios-sdk";
			sourceTree = "<group>";
		};
		9ADBC51F2C1FF7CC00105A4F /* react-native-ios-sdkTests */ = {
			isa = PBXGroup;
			children = (
				9ADBC5202C1FF7CC00105A4F /* react_native_ios_sdkTests.swift */,
			);
			path = "react-native-ios-sdkTests";
			sourceTree = "<group>";
		};
/* End PBXGroup section */

/* Begin PBXHeadersBuildPhase section */
		9ADBC50C2C1FF7CC00105A4F /* Headers */ = {
			isa = PBXHeadersBuildPhase;
			buildActionMask = 2147483647;
			files = (
				9ADBC5222C1FF7CC00105A4F /* react_native_ios_sdk.h in Headers */,
			);
			runOnlyForDeploymentPostprocessing = 0;
		};
/* End PBXHeadersBuildPhase section */

/* Begin PBXNativeTarget section */
		9ADBC5102C1FF7CC00105A4F /* react-native-ios-sdk */ = {
			isa = PBXNativeTarget;
			buildConfigurationList = 9ADBC5252C1FF7CC00105A4F /* Build configuration list for PBXNativeTarget "react-native-ios-sdk" */;
			buildPhases = (
				F292531DFA4B8334827F839E /* [CP] Check Pods Manifest.lock */,
				9ADBC50C2C1FF7CC00105A4F /* Headers */,
				9ADBC50D2C1FF7CC00105A4F /* Sources */,
				9ADBC50E2C1FF7CC00105A4F /* Frameworks */,
				9ADBC50F2C1FF7CC00105A4F /* Resources */,
				D58AA7DA0E3518F3D66EBC6E /* [CP] Copy Pods Resources */,
			);
			buildRules = (
			);
			dependencies = (
			);
			name = "react-native-ios-sdk";
			productName = "react-native-ios-sdk";
			productReference = 9ADBC5112C1FF7CC00105A4F /* react_native_ios_sdk.framework */;
			productType = "com.apple.product-type.framework";
		};
		9ADBC51A2C1FF7CC00105A4F /* react-native-ios-sdkTests */ = {
			isa = PBXNativeTarget;
			buildConfigurationList = 9ADBC5282C1FF7CC00105A4F /* Build configuration list for PBXNativeTarget "react-native-ios-sdkTests" */;
			buildPhases = (
				E00AEE19D10ADDAB5D88D696 /* [CP] Check Pods Manifest.lock */,
				9ADBC5172C1FF7CC00105A4F /* Sources */,
				9ADBC5182C1FF7CC00105A4F /* Frameworks */,
				9ADBC5192C1FF7CC00105A4F /* Resources */,
				6BA47DB5690BCBD07DB63F1A /* [CP] Copy Pods Resources */,
			);
			buildRules = (
			);
			dependencies = (
				9ADBC51E2C1FF7CC00105A4F /* PBXTargetDependency */,
			);
			name = "react-native-ios-sdkTests";
			productName = "react-native-ios-sdkTests";
			productReference = 9ADBC51B2C1FF7CC00105A4F /* react-native-ios-sdkTests.xctest */;
			productType = "com.apple.product-type.bundle.unit-test";
		};
/* End PBXNativeTarget section */

/* Begin PBXProject section */
		9ADBC5082C1FF7CC00105A4F /* Project object */ = {
			isa = PBXProject;
			attributes = {
				BuildIndependentTargetsInParallel = 1;
				LastSwiftUpdateCheck = 1520;
				LastUpgradeCheck = 1520;
				TargetAttributes = {
					9ADBC5102C1FF7CC00105A4F = {
						CreatedOnToolsVersion = 15.2;
					};
					9ADBC51A2C1FF7CC00105A4F = {
						CreatedOnToolsVersion = 15.2;
					};
				};
			};
			buildConfigurationList = 9ADBC50B2C1FF7CC00105A4F /* Build configuration list for PBXProject "react-native-ios-sdk" */;
			compatibilityVersion = "Xcode 14.0";
			developmentRegion = en;
			hasScannedForEncodings = 0;
			knownRegions = (
				en,
				Base,
			);
			mainGroup = 9ADBC5072C1FF7CC00105A4F;
			productRefGroup = 9ADBC5122C1FF7CC00105A4F /* Products */;
			projectDirPath = "";
			projectRoot = "";
			targets = (
				9ADBC5102C1FF7CC00105A4F /* react-native-ios-sdk */,
				9ADBC51A2C1FF7CC00105A4F /* react-native-ios-sdkTests */,
			);
		};
/* End PBXProject section */

/* Begin PBXResourcesBuildPhase section */
		9ADBC50F2C1FF7CC00105A4F /* Resources */ = {
			isa = PBXResourcesBuildPhase;
			buildActionMask = 2147483647;
			files = (
			);
			runOnlyForDeploymentPostprocessing = 0;
		};
		9ADBC5192C1FF7CC00105A4F /* Resources */ = {
			isa = PBXResourcesBuildPhase;
			buildActionMask = 2147483647;
			files = (
			);
			runOnlyForDeploymentPostprocessing = 0;
		};
/* End PBXResourcesBuildPhase section */

/* Begin PBXShellScriptBuildPhase section */
		6BA47DB5690BCBD07DB63F1A /* [CP] Copy Pods Resources */ = {
			isa = PBXShellScriptBuildPhase;
			buildActionMask = 2147483647;
			files = (
			);
			inputFileListPaths = (
				"${PODS_ROOT}/Target Support Files/Pods-react-native-ios-sdk-react-native-ios-sdkTests/Pods-react-native-ios-sdk-react-native-ios-sdkTests-resources-${CONFIGURATION}-input-files.xcfilelist",
			);
			name = "[CP] Copy Pods Resources";
			outputFileListPaths = (
				"${PODS_ROOT}/Target Support Files/Pods-react-native-ios-sdk-react-native-ios-sdkTests/Pods-react-native-ios-sdk-react-native-ios-sdkTests-resources-${CONFIGURATION}-output-files.xcfilelist",
			);
			runOnlyForDeploymentPostprocessing = 0;
			shellPath = /bin/sh;
			shellScript = "\"${PODS_ROOT}/Target Support Files/Pods-react-native-ios-sdk-react-native-ios-sdkTests/Pods-react-native-ios-sdk-react-native-ios-sdkTests-resources.sh\"\n";
			showEnvVarsInLog = 0;
		};
		D58AA7DA0E3518F3D66EBC6E /* [CP] Copy Pods Resources */ = {
			isa = PBXShellScriptBuildPhase;
			buildActionMask = 2147483647;
			files = (
			);
			inputFileListPaths = (
				"${PODS_ROOT}/Target Support Files/Pods-react-native-ios-sdk/Pods-react-native-ios-sdk-resources-${CONFIGURATION}-input-files.xcfilelist",
			);
			name = "[CP] Copy Pods Resources";
			outputFileListPaths = (
				"${PODS_ROOT}/Target Support Files/Pods-react-native-ios-sdk/Pods-react-native-ios-sdk-resources-${CONFIGURATION}-output-files.xcfilelist",
			);
			runOnlyForDeploymentPostprocessing = 0;
			shellPath = /bin/sh;
			shellScript = "\"${PODS_ROOT}/Target Support Files/Pods-react-native-ios-sdk/Pods-react-native-ios-sdk-resources.sh\"\n";
			showEnvVarsInLog = 0;
		};
		E00AEE19D10ADDAB5D88D696 /* [CP] Check Pods Manifest.lock */ = {
			isa = PBXShellScriptBuildPhase;
			buildActionMask = 2147483647;
			files = (
			);
			inputFileListPaths = (
			);
			inputPaths = (
				"${PODS_PODFILE_DIR_PATH}/Podfile.lock",
				"${PODS_ROOT}/Manifest.lock",
			);
			name = "[CP] Check Pods Manifest.lock";
			outputFileListPaths = (
			);
			outputPaths = (
				"$(DERIVED_FILE_DIR)/Pods-react-native-ios-sdk-react-native-ios-sdkTests-checkManifestLockResult.txt",
			);
			runOnlyForDeploymentPostprocessing = 0;
			shellPath = /bin/sh;
			shellScript = "diff \"${PODS_PODFILE_DIR_PATH}/Podfile.lock\" \"${PODS_ROOT}/Manifest.lock\" > /dev/null\nif [ $? != 0 ] ; then\n    # print error to STDERR\n    echo \"error: The sandbox is not in sync with the Podfile.lock. Run 'pod install' or update your CocoaPods installation.\" >&2\n    exit 1\nfi\n# This output is used by Xcode 'outputs' to avoid re-running this script phase.\necho \"SUCCESS\" > \"${SCRIPT_OUTPUT_FILE_0}\"\n";
			showEnvVarsInLog = 0;
		};
		F292531DFA4B8334827F839E /* [CP] Check Pods Manifest.lock */ = {
			isa = PBXShellScriptBuildPhase;
			buildActionMask = 2147483647;
			files = (
			);
			inputFileListPaths = (
			);
			inputPaths = (
				"${PODS_PODFILE_DIR_PATH}/Podfile.lock",
				"${PODS_ROOT}/Manifest.lock",
			);
			name = "[CP] Check Pods Manifest.lock";
			outputFileListPaths = (
			);
			outputPaths = (
				"$(DERIVED_FILE_DIR)/Pods-react-native-ios-sdk-checkManifestLockResult.txt",
			);
			runOnlyForDeploymentPostprocessing = 0;
			shellPath = /bin/sh;
			shellScript = "diff \"${PODS_PODFILE_DIR_PATH}/Podfile.lock\" \"${PODS_ROOT}/Manifest.lock\" > /dev/null\nif [ $? != 0 ] ; then\n    # print error to STDERR\n    echo \"error: The sandbox is not in sync with the Podfile.lock. Run 'pod install' or update your CocoaPods installation.\" >&2\n    exit 1\nfi\n# This output is used by Xcode 'outputs' to avoid re-running this script phase.\necho \"SUCCESS\" > \"${SCRIPT_OUTPUT_FILE_0}\"\n";
			showEnvVarsInLog = 0;
		};
/* End PBXShellScriptBuildPhase section */

/* Begin PBXSourcesBuildPhase section */
		9ADBC50D2C1FF7CC00105A4F /* Sources */ = {
			isa = PBXSourcesBuildPhase;
			buildActionMask = 2147483647;
			files = (
				9ADBC52C2C200B9800105A4F /* ReactNativeSDKClient.swift in Sources */,
				9ADBC5162C1FF7CC00105A4F /* react_native_ios_sdk.docc in Sources */,
			);
			runOnlyForDeploymentPostprocessing = 0;
		};
		9ADBC5172C1FF7CC00105A4F /* Sources */ = {
			isa = PBXSourcesBuildPhase;
			buildActionMask = 2147483647;
			files = (
				9ADBC5212C1FF7CC00105A4F /* react_native_ios_sdkTests.swift in Sources */,
			);
			runOnlyForDeploymentPostprocessing = 0;
		};
/* End PBXSourcesBuildPhase section */

/* Begin PBXTargetDependency section */
		9ADBC51E2C1FF7CC00105A4F /* PBXTargetDependency */ = {
			isa = PBXTargetDependency;
			target = 9ADBC5102C1FF7CC00105A4F /* react-native-ios-sdk */;
			targetProxy = 9ADBC51D2C1FF7CC00105A4F /* PBXContainerItemProxy */;
		};
/* End PBXTargetDependency section */

/* Begin XCBuildConfiguration section */
		9ADBC5232C1FF7CC00105A4F /* Debug */ = {
			isa = XCBuildConfiguration;
			buildSettings = {
				ALWAYS_SEARCH_USER_PATHS = NO;
				ASSETCATALOG_COMPILER_GENERATE_SWIFT_ASSET_SYMBOL_EXTENSIONS = YES;
				CC = "";
				CLANG_ANALYZER_NONNULL = YES;
				CLANG_ANALYZER_NUMBER_OBJECT_CONVERSION = YES_AGGRESSIVE;
				CLANG_CXX_LANGUAGE_STANDARD = "c++20";
				CLANG_ENABLE_MODULES = YES;
				CLANG_ENABLE_OBJC_ARC = YES;
				CLANG_ENABLE_OBJC_WEAK = YES;
				CLANG_WARN_BLOCK_CAPTURE_AUTORELEASING = YES;
				CLANG_WARN_BOOL_CONVERSION = YES;
				CLANG_WARN_COMMA = YES;
				CLANG_WARN_CONSTANT_CONVERSION = YES;
				CLANG_WARN_DEPRECATED_OBJC_IMPLEMENTATIONS = YES;
				CLANG_WARN_DIRECT_OBJC_ISA_USAGE = YES_ERROR;
				CLANG_WARN_DOCUMENTATION_COMMENTS = YES;
				CLANG_WARN_EMPTY_BODY = YES;
				CLANG_WARN_ENUM_CONVERSION = YES;
				CLANG_WARN_INFINITE_RECURSION = YES;
				CLANG_WARN_INT_CONVERSION = YES;
				CLANG_WARN_NON_LITERAL_NULL_CONVERSION = YES;
				CLANG_WARN_OBJC_IMPLICIT_RETAIN_SELF = YES;
				CLANG_WARN_OBJC_LITERAL_CONVERSION = YES;
				CLANG_WARN_OBJC_ROOT_CLASS = YES_ERROR;
				CLANG_WARN_QUOTED_INCLUDE_IN_FRAMEWORK_HEADER = YES;
				CLANG_WARN_RANGE_LOOP_ANALYSIS = YES;
				CLANG_WARN_STRICT_PROTOTYPES = YES;
				CLANG_WARN_SUSPICIOUS_MOVE = YES;
				CLANG_WARN_UNGUARDED_AVAILABILITY = YES_AGGRESSIVE;
				CLANG_WARN_UNREACHABLE_CODE = YES;
				CLANG_WARN__DUPLICATE_METHOD_MATCH = YES;
				COPY_PHASE_STRIP = NO;
				CURRENT_PROJECT_VERSION = 1;
				CXX = "";
				DEBUG_INFORMATION_FORMAT = dwarf;
				ENABLE_STRICT_OBJC_MSGSEND = YES;
				ENABLE_TESTABILITY = YES;
				ENABLE_USER_SCRIPT_SANDBOXING = YES;
				GCC_C_LANGUAGE_STANDARD = gnu17;
				GCC_DYNAMIC_NO_PIC = NO;
				GCC_NO_COMMON_BLOCKS = YES;
				GCC_OPTIMIZATION_LEVEL = 0;
				GCC_PREPROCESSOR_DEFINITIONS = (
					"DEBUG=1",
					"$(inherited)",
				);
				GCC_WARN_64_TO_32_BIT_CONVERSION = YES;
				GCC_WARN_ABOUT_RETURN_TYPE = YES_ERROR;
				GCC_WARN_UNDECLARED_SELECTOR = YES;
				GCC_WARN_UNINITIALIZED_AUTOS = YES_AGGRESSIVE;
				GCC_WARN_UNUSED_FUNCTION = YES;
				GCC_WARN_UNUSED_VARIABLE = YES;
				IPHONEOS_DEPLOYMENT_TARGET = 17.2;
				LD = "";
				LDPLUSPLUS = "";
				LOCALIZATION_PREFERS_STRING_CATALOGS = YES;
				MTL_ENABLE_DEBUG_INFO = INCLUDE_SOURCE;
				MTL_FAST_MATH = YES;
				ONLY_ACTIVE_ARCH = YES;
				OTHER_LDFLAGS = "$(inherited)  ";
				REACT_NATIVE_PATH = "${PODS_ROOT}/../../node_modules/react-native";
				SDKROOT = iphoneos;
				SWIFT_ACTIVE_COMPILATION_CONDITIONS = "DEBUG $(inherited)";
				SWIFT_OPTIMIZATION_LEVEL = "-Onone";
				USE_HERMES = false;
				VERSIONING_SYSTEM = "apple-generic";
				VERSION_INFO_PREFIX = "";
			};
			name = Debug;
		};
		9ADBC5242C1FF7CC00105A4F /* Release */ = {
			isa = XCBuildConfiguration;
			buildSettings = {
				ALWAYS_SEARCH_USER_PATHS = NO;
				ASSETCATALOG_COMPILER_GENERATE_SWIFT_ASSET_SYMBOL_EXTENSIONS = YES;
				CC = "";
				CLANG_ANALYZER_NONNULL = YES;
				CLANG_ANALYZER_NUMBER_OBJECT_CONVERSION = YES_AGGRESSIVE;
				CLANG_CXX_LANGUAGE_STANDARD = "c++20";
				CLANG_ENABLE_MODULES = YES;
				CLANG_ENABLE_OBJC_ARC = YES;
				CLANG_ENABLE_OBJC_WEAK = YES;
				CLANG_WARN_BLOCK_CAPTURE_AUTORELEASING = YES;
				CLANG_WARN_BOOL_CONVERSION = YES;
				CLANG_WARN_COMMA = YES;
				CLANG_WARN_CONSTANT_CONVERSION = YES;
				CLANG_WARN_DEPRECATED_OBJC_IMPLEMENTATIONS = YES;
				CLANG_WARN_DIRECT_OBJC_ISA_USAGE = YES_ERROR;
				CLANG_WARN_DOCUMENTATION_COMMENTS = YES;
				CLANG_WARN_EMPTY_BODY = YES;
				CLANG_WARN_ENUM_CONVERSION = YES;
				CLANG_WARN_INFINITE_RECURSION = YES;
				CLANG_WARN_INT_CONVERSION = YES;
				CLANG_WARN_NON_LITERAL_NULL_CONVERSION = YES;
				CLANG_WARN_OBJC_IMPLICIT_RETAIN_SELF = YES;
				CLANG_WARN_OBJC_LITERAL_CONVERSION = YES;
				CLANG_WARN_OBJC_ROOT_CLASS = YES_ERROR;
				CLANG_WARN_QUOTED_INCLUDE_IN_FRAMEWORK_HEADER = YES;
				CLANG_WARN_RANGE_LOOP_ANALYSIS = YES;
				CLANG_WARN_STRICT_PROTOTYPES = YES;
				CLANG_WARN_SUSPICIOUS_MOVE = YES;
				CLANG_WARN_UNGUARDED_AVAILABILITY = YES_AGGRESSIVE;
				CLANG_WARN_UNREACHABLE_CODE = YES;
				CLANG_WARN__DUPLICATE_METHOD_MATCH = YES;
				COPY_PHASE_STRIP = NO;
				CURRENT_PROJECT_VERSION = 1;
				CXX = "";
				DEBUG_INFORMATION_FORMAT = "dwarf-with-dsym";
				ENABLE_NS_ASSERTIONS = NO;
				ENABLE_STRICT_OBJC_MSGSEND = YES;
				ENABLE_USER_SCRIPT_SANDBOXING = YES;
				GCC_C_LANGUAGE_STANDARD = gnu17;
				GCC_NO_COMMON_BLOCKS = YES;
				GCC_WARN_64_TO_32_BIT_CONVERSION = YES;
				GCC_WARN_ABOUT_RETURN_TYPE = YES_ERROR;
				GCC_WARN_UNDECLARED_SELECTOR = YES;
				GCC_WARN_UNINITIALIZED_AUTOS = YES_AGGRESSIVE;
				GCC_WARN_UNUSED_FUNCTION = YES;
				GCC_WARN_UNUSED_VARIABLE = YES;
				IPHONEOS_DEPLOYMENT_TARGET = 17.2;
				LD = "";
				LDPLUSPLUS = "";
				LOCALIZATION_PREFERS_STRING_CATALOGS = YES;
				MTL_ENABLE_DEBUG_INFO = NO;
				MTL_FAST_MATH = YES;
				OTHER_LDFLAGS = "$(inherited)  ";
				REACT_NATIVE_PATH = "${PODS_ROOT}/../../node_modules/react-native";
				SDKROOT = iphoneos;
				SWIFT_COMPILATION_MODE = wholemodule;
				USE_HERMES = false;
				VALIDATE_PRODUCT = YES;
				VERSIONING_SYSTEM = "apple-generic";
				VERSION_INFO_PREFIX = "";
			};
			name = Release;
		};
		9ADBC5262C1FF7CC00105A4F /* Debug */ = {
			isa = XCBuildConfiguration;
			baseConfigurationReference = 8A95CDC5E14AF9DE97155628 /* Pods-react-native-ios-sdk.debug.xcconfig */;
			buildSettings = {
				BUILD_LIBRARY_FOR_DISTRIBUTION = YES;
				CODE_SIGN_STYLE = Automatic;
				CURRENT_PROJECT_VERSION = 1;
				DEFINES_MODULE = YES;
				DEVELOPMENT_TEAM = RDU4896V58;
				DYLIB_COMPATIBILITY_VERSION = 1;
				DYLIB_CURRENT_VERSION = 1;
				DYLIB_INSTALL_NAME_BASE = "@rpath";
				ENABLE_MODULE_VERIFIER = YES;
				ENABLE_USER_SCRIPT_SANDBOXING = NO;
				GENERATE_INFOPLIST_FILE = YES;
				INFOPLIST_KEY_NSHumanReadableCopyright = "";
				INSTALL_PATH = "$(LOCAL_LIBRARY_DIR)/Frameworks";
				LD_RUNPATH_SEARCH_PATHS = (
					"$(inherited)",
					"@executable_path/Frameworks",
					"@loader_path/Frameworks",
				);
				MARKETING_VERSION = 1.0;
				MODULE_VERIFIER_SUPPORTED_LANGUAGES = "objective-c objective-c++";
				MODULE_VERIFIER_SUPPORTED_LANGUAGE_STANDARDS = "gnu17 gnu++20";
				PRODUCT_BUNDLE_IDENTIFIER = "personalproject.react-native-ios-sdk";
				PRODUCT_NAME = "$(TARGET_NAME:c99extidentifier)";
				SKIP_INSTALL = NO;
				SWIFT_EMIT_LOC_STRINGS = YES;
				SWIFT_VERSION = 5.0;
				TARGETED_DEVICE_FAMILY = "1,2";
			};
			name = Debug;
		};
		9ADBC5272C1FF7CC00105A4F /* Release */ = {
			isa = XCBuildConfiguration;
			baseConfigurationReference = C9B61FC07565285E85D4BC18 /* Pods-react-native-ios-sdk.release.xcconfig */;
			buildSettings = {
				BUILD_LIBRARY_FOR_DISTRIBUTION = YES;
				CODE_SIGN_STYLE = Automatic;
				CURRENT_PROJECT_VERSION = 1;
				DEFINES_MODULE = YES;
				DEVELOPMENT_TEAM = RDU4896V58;
				DYLIB_COMPATIBILITY_VERSION = 1;
				DYLIB_CURRENT_VERSION = 1;
				DYLIB_INSTALL_NAME_BASE = "@rpath";
				ENABLE_MODULE_VERIFIER = YES;
				ENABLE_USER_SCRIPT_SANDBOXING = NO;
				GENERATE_INFOPLIST_FILE = YES;
				INFOPLIST_KEY_NSHumanReadableCopyright = "";
				INSTALL_PATH = "$(LOCAL_LIBRARY_DIR)/Frameworks";
				LD_RUNPATH_SEARCH_PATHS = (
					"$(inherited)",
					"@executable_path/Frameworks",
					"@loader_path/Frameworks",
				);
				MARKETING_VERSION = 1.0;
				MODULE_VERIFIER_SUPPORTED_LANGUAGES = "objective-c objective-c++";
				MODULE_VERIFIER_SUPPORTED_LANGUAGE_STANDARDS = "gnu17 gnu++20";
				PRODUCT_BUNDLE_IDENTIFIER = "personalproject.react-native-ios-sdk";
				PRODUCT_NAME = "$(TARGET_NAME:c99extidentifier)";
				SKIP_INSTALL = NO;
				SWIFT_EMIT_LOC_STRINGS = YES;
				SWIFT_VERSION = 5.0;
				TARGETED_DEVICE_FAMILY = "1,2";
			};
			name = Release;
		};
		9ADBC5292C1FF7CC00105A4F /* Debug */ = {
			isa = XCBuildConfiguration;
			baseConfigurationReference = 0DAFE8C7CD400D77854077DB /* Pods-react-native-ios-sdk-react-native-ios-sdkTests.debug.xcconfig */;
			buildSettings = {
				ALWAYS_EMBED_SWIFT_STANDARD_LIBRARIES = YES;
				CODE_SIGN_STYLE = Automatic;
				CURRENT_PROJECT_VERSION = 1;
				DEVELOPMENT_TEAM = RDU4896V58;
				GENERATE_INFOPLIST_FILE = YES;
				MARKETING_VERSION = 1.0;
				PRODUCT_BUNDLE_IDENTIFIER = "personalproject.react-native-ios-sdkTests";
				PRODUCT_NAME = "$(TARGET_NAME)";
				SWIFT_EMIT_LOC_STRINGS = NO;
				SWIFT_VERSION = 5.0;
				TARGETED_DEVICE_FAMILY = "1,2";
			};
			name = Debug;
		};
		9ADBC52A2C1FF7CC00105A4F /* Release */ = {
			isa = XCBuildConfiguration;
			baseConfigurationReference = AF4F66F1D79A0B0095545440 /* Pods-react-native-ios-sdk-react-native-ios-sdkTests.release.xcconfig */;
			buildSettings = {
				ALWAYS_EMBED_SWIFT_STANDARD_LIBRARIES = YES;
				CODE_SIGN_STYLE = Automatic;
				CURRENT_PROJECT_VERSION = 1;
				DEVELOPMENT_TEAM = RDU4896V58;
				GENERATE_INFOPLIST_FILE = YES;
				MARKETING_VERSION = 1.0;
				PRODUCT_BUNDLE_IDENTIFIER = "personalproject.react-native-ios-sdkTests";
				PRODUCT_NAME = "$(TARGET_NAME)";
				SWIFT_EMIT_LOC_STRINGS = NO;
				SWIFT_VERSION = 5.0;
				TARGETED_DEVICE_FAMILY = "1,2";
			};
			name = Release;
		};
/* End XCBuildConfiguration section */

/* Begin XCConfigurationList section */
		9ADBC50B2C1FF7CC00105A4F /* Build configuration list for PBXProject "react-native-ios-sdk" */ = {
			isa = XCConfigurationList;
			buildConfigurations = (
				9ADBC5232C1FF7CC00105A4F /* Debug */,
				9ADBC5242C1FF7CC00105A4F /* Release */,
			);
			defaultConfigurationIsVisible = 0;
			defaultConfigurationName = Release;
		};
		9ADBC5252C1FF7CC00105A4F /* Build configuration list for PBXNativeTarget "react-native-ios-sdk" */ = {
			isa = XCConfigurationList;
			buildConfigurations = (
				9ADBC5262C1FF7CC00105A4F /* Debug */,
				9ADBC5272C1FF7CC00105A4F /* Release */,
			);
			defaultConfigurationIsVisible = 0;
			defaultConfigurationName = Release;
		};
		9ADBC5282C1FF7CC00105A4F /* Build configuration list for PBXNativeTarget "react-native-ios-sdkTests" */ = {
			isa = XCConfigurationList;
			buildConfigurations = (
				9ADBC5292C1FF7CC00105A4F /* Debug */,
				9ADBC52A2C1FF7CC00105A4F /* Release */,
			);
			defaultConfigurationIsVisible = 0;
			defaultConfigurationName = Release;
		};
/* End XCConfigurationList section */
	};
	rootObject = 9ADBC5082C1FF7CC00105A4F /* Project object */;
}
